// !$*UTF8*$!
{
	archiveVersion = 1;
	classes = {
	};
	objectVersion = 50;
	objects = {

/* Begin PBXBuildFile section */
		DCC6E8342500E54D00F9121B /* AppDelegate.m in Sources */ = {isa = PBXBuildFile; fileRef = DCC6E8332500E54D00F9121B /* AppDelegate.m */; };
		DCC6E8372500E54D00F9121B /* SceneDelegate.m in Sources */ = {isa = PBXBuildFile; fileRef = DCC6E8362500E54D00F9121B /* SceneDelegate.m */; };
		DCC6E83F2500E54E00F9121B /* Assets.xcassets in Resources */ = {isa = PBXBuildFile; fileRef = DCC6E83E2500E54E00F9121B /* Assets.xcassets */; };
		DCC6E8422500E54E00F9121B /* LaunchScreen.storyboard in Resources */ = {isa = PBXBuildFile; fileRef = DCC6E8402500E54E00F9121B /* LaunchScreen.storyboard */; };
		DCC6E8452500E54E00F9121B /* main.m in Sources */ = {isa = PBXBuildFile; fileRef = DCC6E8442500E54E00F9121B /* main.m */; };
		DCC6E8582500E6DF00F9121B /* UIViewController+GaoAlertManager.m in Sources */ = {isa = PBXBuildFile; fileRef = DCC6E8542500E6DF00F9121B /* UIViewController+GaoAlertManager.m */; };
		DCC6E8592500E6DF00F9121B /* GaoAlertManager.m in Sources */ = {isa = PBXBuildFile; fileRef = DCC6E8552500E6DF00F9121B /* GaoAlertManager.m */; };
		DCC6E85D2500E76C00F9121B /* HomeViewController.m in Sources */ = {isa = PBXBuildFile; fileRef = DCC6E85B2500E76C00F9121B /* HomeViewController.m */; };
		DCC6E85E2500E76C00F9121B /* HomeViewController.xib in Resources */ = {isa = PBXBuildFile; fileRef = DCC6E85C2500E76C00F9121B /* HomeViewController.xib */; };
/* End PBXBuildFile section */

/* Begin PBXFileReference section */
		DCC6E82F2500E54D00F9121B /* GaoAlertManagerDemo.app */ = {isa = PBXFileReference; explicitFileType = wrapper.application; includeInIndex = 0; path = GaoAlertManagerDemo.app; sourceTree = BUILT_PRODUCTS_DIR; };
		DCC6E8322500E54D00F9121B /* AppDelegate.h */ = {isa = PBXFileReference; lastKnownFileType = sourcecode.c.h; path = AppDelegate.h; sourceTree = "<group>"; };
		DCC6E8332500E54D00F9121B /* AppDelegate.m */ = {isa = PBXFileReference; lastKnownFileType = sourcecode.c.objc; path = AppDelegate.m; sourceTree = "<group>"; };
		DCC6E8352500E54D00F9121B /* SceneDelegate.h */ = {isa = PBXFileReference; lastKnownFileType = sourcecode.c.h; path = SceneDelegate.h; sourceTree = "<group>"; };
		DCC6E8362500E54D00F9121B /* SceneDelegate.m */ = {isa = PBXFileReference; lastKnownFileType = sourcecode.c.objc; path = SceneDelegate.m; sourceTree = "<group>"; };
		DCC6E83E2500E54E00F9121B /* Assets.xcassets */ = {isa = PBXFileReference; lastKnownFileType = folder.assetcatalog; path = Assets.xcassets; sourceTree = "<group>"; };
		DCC6E8412500E54E00F9121B /* Base */ = {isa = PBXFileReference; lastKnownFileType = file.storyboard; name = Base; path = Base.lproj/LaunchScreen.storyboard; sourceTree = "<group>"; };
		DCC6E8432500E54E00F9121B /* Info.plist */ = {isa = PBXFileReference; lastKnownFileType = text.plist.xml; path = Info.plist; sourceTree = "<group>"; };
		DCC6E8442500E54E00F9121B /* main.m */ = {isa = PBXFileReference; lastKnownFileType = sourcecode.c.objc; path = main.m; sourceTree = "<group>"; };
		DCC6E8542500E6DF00F9121B /* UIViewController+GaoAlertManager.m */ = {isa = PBXFileReference; fileEncoding = 4; lastKnownFileType = sourcecode.c.objc; path = "UIViewController+GaoAlertManager.m"; sourceTree = "<group>"; };
		DCC6E8552500E6DF00F9121B /* GaoAlertManager.m */ = {isa = PBXFileReference; fileEncoding = 4; lastKnownFileType = sourcecode.c.objc; path = GaoAlertManager.m; sourceTree = "<group>"; };
		DCC6E8562500E6DF00F9121B /* UIViewController+GaoAlertManager.h */ = {isa = PBXFileReference; fileEncoding = 4; lastKnownFileType = sourcecode.c.h; path = "UIViewController+GaoAlertManager.h"; sourceTree = "<group>"; };
		DCC6E8572500E6DF00F9121B /* GaoAlertManager.h */ = {isa = PBXFileReference; fileEncoding = 4; lastKnownFileType = sourcecode.c.h; path = GaoAlertManager.h; sourceTree = "<group>"; };
		DCC6E85A2500E76C00F9121B /* HomeViewController.h */ = {isa = PBXFileReference; lastKnownFileType = sourcecode.c.h; path = HomeViewController.h; sourceTree = "<group>"; };
		DCC6E85B2500E76C00F9121B /* HomeViewController.m */ = {isa = PBXFileReference; lastKnownFileType = sourcecode.c.objc; path = HomeViewController.m; sourceTree = "<group>"; };
		DCC6E85C2500E76C00F9121B /* HomeViewController.xib */ = {isa = PBXFileReference; lastKnownFileType = file.xib; path = HomeViewController.xib; sourceTree = "<group>"; };
		DCC6E85F2500E91C00F9121B /* GaoAlertManager_Versions.md */ = {isa = PBXFileReference; lastKnownFileType = net.daringfireball.markdown; path = GaoAlertManager_Versions.md; sourceTree = "<group>"; };
/* End PBXFileReference section */

/* Begin PBXFrameworksBuildPhase section */
		DCC6E82C2500E54D00F9121B /* Frameworks */ = {
			isa = PBXFrameworksBuildPhase;
			buildActionMask = 2147483647;
			files = (
			);
			runOnlyForDeploymentPostprocessing = 0;
		};
/* End PBXFrameworksBuildPhase section */

/* Begin PBXGroup section */
		DCC6E8262500E54D00F9121B = {
			isa = PBXGroup;
			children = (
				DCC6E8312500E54D00F9121B /* GaoAlertManagerDemo */,
				DCC6E8302500E54D00F9121B /* Products */,
			);
			sourceTree = "<group>";
		};
		DCC6E8302500E54D00F9121B /* Products */ = {
			isa = PBXGroup;
			children = (
				DCC6E82F2500E54D00F9121B /* GaoAlertManagerDemo.app */,
			);
			name = Products;
			sourceTree = "<group>";
		};
		DCC6E8312500E54D00F9121B /* GaoAlertManagerDemo */ = {
			isa = PBXGroup;
			children = (
				DCC6E85F2500E91C00F9121B /* GaoAlertManager_Versions.md */,
				DCC6E8532500E6DF00F9121B /* GaoAlertManager */,
				DCC6E8322500E54D00F9121B /* AppDelegate.h */,
				DCC6E8332500E54D00F9121B /* AppDelegate.m */,
				DCC6E8352500E54D00F9121B /* SceneDelegate.h */,
				DCC6E8362500E54D00F9121B /* SceneDelegate.m */,
				DCC6E85A2500E76C00F9121B /* HomeViewController.h */,
				DCC6E85B2500E76C00F9121B /* HomeViewController.m */,
				DCC6E85C2500E76C00F9121B /* HomeViewController.xib */,
				DCC6E83E2500E54E00F9121B /* Assets.xcassets */,
				DCC6E8402500E54E00F9121B /* LaunchScreen.storyboard */,
				DCC6E8432500E54E00F9121B /* Info.plist */,
				DCC6E8442500E54E00F9121B /* main.m */,
			);
			path = GaoAlertManagerDemo;
			sourceTree = "<group>";
		};
		DCC6E8532500E6DF00F9121B /* GaoAlertManager */ = {
			isa = PBXGroup;
			children = (
				DCC6E8542500E6DF00F9121B /* UIViewController+GaoAlertManager.m */,
				DCC6E8552500E6DF00F9121B /* GaoAlertManager.m */,
				DCC6E8562500E6DF00F9121B /* UIViewController+GaoAlertManager.h */,
				DCC6E8572500E6DF00F9121B /* GaoAlertManager.h */,
			);
			name = GaoAlertManager;
			path = GaoAlertManager_Master/GaoAlertManager;
			sourceTree = "<group>";
		};
/* End PBXGroup section */

/* Begin PBXNativeTarget section */
		DCC6E82E2500E54D00F9121B /* GaoAlertManagerDemo */ = {
			isa = PBXNativeTarget;
			buildConfigurationList = DCC6E8482500E54E00F9121B /* Build configuration list for PBXNativeTarget "GaoAlertManagerDemo" */;
			buildPhases = (
				DCC6E82B2500E54D00F9121B /* Sources */,
				DCC6E82C2500E54D00F9121B /* Frameworks */,
				DCC6E82D2500E54D00F9121B /* Resources */,
			);
			buildRules = (
			);
			dependencies = (
			);
			name = GaoAlertManagerDemo;
			productName = GaoAlertManagerDemo;
			productReference = DCC6E82F2500E54D00F9121B /* GaoAlertManagerDemo.app */;
			productType = "com.apple.product-type.application";
		};
/* End PBXNativeTarget section */

/* Begin PBXProject section */
		DCC6E8272500E54D00F9121B /* Project object */ = {
			isa = PBXProject;
			attributes = {
				LastUpgradeCheck = 1170;
				ORGANIZATIONNAME = vgemv;
				TargetAttributes = {
					DCC6E82E2500E54D00F9121B = {
						CreatedOnToolsVersion = 11.7;
					};
				};
			};
			buildConfigurationList = DCC6E82A2500E54D00F9121B /* Build configuration list for PBXProject "GaoAlertManagerDemo" */;
			compatibilityVersion = "Xcode 9.3";
			developmentRegion = en;
			hasScannedForEncodings = 0;
			knownRegions = (
				en,
				Base,
			);
			mainGroup = DCC6E8262500E54D00F9121B;
			productRefGroup = DCC6E8302500E54D00F9121B /* Products */;
			projectDirPath = "";
			projectRoot = "";
			targets = (
				DCC6E82E2500E54D00F9121B /* GaoAlertManagerDemo */,
			);
		};
/* End PBXProject section */

/* Begin PBXResourcesBuildPhase section */
		DCC6E82D2500E54D00F9121B /* Resources */ = {
			isa = PBXResourcesBuildPhase;
			buildActionMask = 2147483647;
			files = (
				DCC6E8422500E54E00F9121B /* LaunchScreen.storyboard in Resources */,
				DCC6E83F2500E54E00F9121B /* Assets.xcassets in Resources */,
				DCC6E85E2500E76C00F9121B /* HomeViewController.xib in Resources */,
			);
			runOnlyForDeploymentPostprocessing = 0;
		};
/* End PBXResourcesBuildPhase section */

/* Begin PBXSourcesBuildPhase section */
		DCC6E82B2500E54D00F9121B /* Sources */ = {
			isa = PBXSourcesBuildPhase;
			buildActionMask = 2147483647;
			files = (
				DCC6E8342500E54D00F9121B /* AppDelegate.m in Sources */,
				DCC6E8582500E6DF00F9121B /* UIViewController+GaoAlertManager.m in Sources */,
				DCC6E8452500E54E00F9121B /* main.m in Sources */,
				DCC6E8592500E6DF00F9121B /* GaoAlertManager.m in Sources */,
				DCC6E8372500E54D00F9121B /* SceneDelegate.m in Sources */,
				DCC6E85D2500E76C00F9121B /* HomeViewController.m in Sources */,
			);
			runOnlyForDeploymentPostprocessing = 0;
		};
/* End PBXSourcesBuildPhase section */

/* Begin PBXVariantGroup section */
		DCC6E8402500E54E00F9121B /* LaunchScreen.storyboard */ = {
			isa = PBXVariantGroup;
			children = (
				DCC6E8412500E54E00F9121B /* Base */,
			);
			name = LaunchScreen.storyboard;
			sourceTree = "<group>";
		};
/* End PBXVariantGroup section */

/* Begin XCBuildConfiguration section */
		DCC6E8462500E54E00F9121B /* Debug */ = {
			isa = XCBuildConfiguration;
			buildSettings = {
				ALWAYS_SEARCH_USER_PATHS = NO;
				CLANG_ANALYZER_NONNULL = YES;
				CLANG_ANALYZER_NUMBER_OBJECT_CONVERSION = YES_AGGRESSIVE;
				CLANG_CXX_LANGUAGE_STANDARD = "gnu++14";
				CLANG_CXX_LIBRARY = "libc++";
				CLANG_ENABLE_MODULES = YES;
				CLANG_ENABLE_OBJC_ARC = YES;
				CLANG_ENABLE_OBJC_WEAK = YES;
				CLANG_WARN_BLOCK_CAPTURE_AUTORELEASING = YES;
				CLANG_WARN_BOOL_CONVERSION = YES;
				CLANG_WARN_COMMA = YES;
				CLANG_WARN_CONSTANT_CONVERSION = YES;
				CLANG_WARN_DEPRECATED_OBJC_IMPLEMENTATIONS = YES;
				CLANG_WARN_DIRECT_OBJC_ISA_USAGE = YES_ERROR;
				CLANG_WARN_DOCUMENTATION_COMMENTS = YES;
				CLANG_WARN_EMPTY_BODY = YES;
				CLANG_WARN_ENUM_CONVERSION = YES;
				CLANG_WARN_INFINITE_RECURSION = YES;
				CLANG_WARN_INT_CONVERSION = YES;
				CLANG_WARN_NON_LITERAL_NULL_CONVERSION = YES;
				CLANG_WARN_OBJC_IMPLICIT_RETAIN_SELF = YES;
				CLANG_WARN_OBJC_LITERAL_CONVERSION = YES;
				CLANG_WARN_OBJC_ROOT_CLASS = YES_ERROR;
				CLANG_WARN_RANGE_LOOP_ANALYSIS = YES;
				CLANG_WARN_STRICT_PROTOTYPES = YES;
				CLANG_WARN_SUSPICIOUS_MOVE = YES;
				CLANG_WARN_UNGUARDED_AVAILABILITY = YES_AGGRESSIVE;
				CLANG_WARN_UNREACHABLE_CODE = YES;
				CLANG_WARN__DUPLICATE_METHOD_MATCH = YES;
				COPY_PHASE_STRIP = NO;
				DEBUG_INFORMATION_FORMAT = dwarf;
				ENABLE_STRICT_OBJC_MSGSEND = YES;
				ENABLE_TESTABILITY = YES;
				GCC_C_LANGUAGE_STANDARD = gnu11;
				GCC_DYNAMIC_NO_PIC = NO;
				GCC_NO_COMMON_BLOCKS = YES;
				GCC_OPTIMIZATION_LEVEL = 0;
				GCC_PREPROCESSOR_DEFINITIONS = (
					"DEBUG=1",
					"$(inherited)",
				);
				GCC_WARN_64_TO_32_BIT_CONVERSION = YES;
				GCC_WARN_ABOUT_RETURN_TYPE = YES_ERROR;
				GCC_WARN_UNDECLARED_SELECTOR = YES;
				GCC_WARN_UNINITIALIZED_AUTOS = YES_AGGRESSIVE;
				GCC_WARN_UNUSED_FUNCTION = YES;
				GCC_WARN_UNUSED_VARIABLE = YES;
				IPHONEOS_DEPLOYMENT_TARGET = 13.7;
				MTL_ENABLE_DEBUG_INFO = INCLUDE_SOURCE;
				MTL_FAST_MATH = YES;
				ONLY_ACTIVE_ARCH = YES;
				SDKROOT = iphoneos;
			};
			name = Debug;
		};
		DCC6E8472500E54E00F9121B /* Release */ = {
			isa = XCBuildConfiguration;
			buildSettings = {
				ALWAYS_SEARCH_USER_PATHS = NO;
				CLANG_ANALYZER_NONNULL = YES;
				CLANG_ANALYZER_NUMBER_OBJECT_CONVERSION = YES_AGGRESSIVE;
				CLANG_CXX_LANGUAGE_STANDARD = "gnu++14";
				CLANG_CXX_LIBRARY = "libc++";
				CLANG_ENABLE_MODULES = YES;
				CLANG_ENABLE_OBJC_ARC = YES;
				CLANG_ENABLE_OBJC_WEAK = YES;
				CLANG_WARN_BLOCK_CAPTURE_AUTORELEASING = YES;
				CLANG_WARN_BOOL_CONVERSION = YES;
				CLANG_WARN_COMMA = YES;
				CLANG_WARN_CONSTANT_CONVERSION = YES;
				CLANG_WARN_DEPRECATED_OBJC_IMPLEMENTATIONS = YES;
				CLANG_WARN_DIRECT_OBJC_ISA_USAGE = YES_ERROR;
				CLANG_WARN_DOCUMENTATION_COMMENTS = YES;
				CLANG_WARN_EMPTY_BODY = YES;
				CLANG_WARN_ENUM_CONVERSION = YES;
				CLANG_WARN_INFINITE_RECURSION = YES;
				CLANG_WARN_INT_CONVERSION = YES;
				CLANG_WARN_NON_LITERAL_NULL_CONVERSION = YES;
				CLANG_WARN_OBJC_IMPLICIT_RETAIN_SELF = YES;
				CLANG_WARN_OBJC_LITERAL_CONVERSION = YES;
				CLANG_WARN_OBJC_ROOT_CLASS = YES_ERROR;
				CLANG_WARN_RANGE_LOOP_ANALYSIS = YES;
				CLANG_WARN_STRICT_PROTOTYPES = YES;
				CLANG_WARN_SUSPICIOUS_MOVE = YES;
				CLANG_WARN_UNGUARDED_AVAILABILITY = YES_AGGRESSIVE;
				CLANG_WARN_UNREACHABLE_CODE = YES;
				CLANG_WARN__DUPLICATE_METHOD_MATCH = YES;
				COPY_PHASE_STRIP = NO;
				DEBUG_INFORMATION_FORMAT = "dwarf-with-dsym";
				ENABLE_NS_ASSERTIONS = NO;
				ENABLE_STRICT_OBJC_MSGSEND = YES;
				GCC_C_LANGUAGE_STANDARD = gnu11;
				GCC_NO_COMMON_BLOCKS = YES;
				GCC_WARN_64_TO_32_BIT_CONVERSION = YES;
				GCC_WARN_ABOUT_RETURN_TYPE = YES_ERROR;
				GCC_WARN_UNDECLARED_SELECTOR = YES;
				GCC_WARN_UNINITIALIZED_AUTOS = YES_AGGRESSIVE;
				GCC_WARN_UNUSED_FUNCTION = YES;
				GCC_WARN_UNUSED_VARIABLE = YES;
				IPHONEOS_DEPLOYMENT_TARGET = 13.7;
				MTL_ENABLE_DEBUG_INFO = NO;
				MTL_FAST_MATH = YES;
				SDKROOT = iphoneos;
				VALIDATE_PRODUCT = YES;
			};
			name = Release;
		};
		DCC6E8492500E54E00F9121B /* Debug */ = {
			isa = XCBuildConfiguration;
			buildSettings = {
				ASSETCATALOG_COMPILER_APPICON_NAME = AppIcon;
				CODE_SIGN_STYLE = Automatic;
				CURRENT_PROJECT_VERSION = 0;
				DEVELOPMENT_TEAM = 726NDCHRGU;
				INFOPLIST_FILE = GaoAlertManagerDemo/Info.plist;
				LD_RUNPATH_SEARCH_PATHS = (
					"$(inherited)",
					"@executable_path/Frameworks",
				);
				MARKETING_VERSION = 0.0.0;
				PRODUCT_BUNDLE_IDENTIFIER = vgemv.GaoAlertManagerDemo;
				PRODUCT_NAME = "$(TARGET_NAME)";
				TARGETED_DEVICE_FAMILY = "1,2";
			};
			name = Debug;
		};
		DCC6E84A2500E54E00F9121B /* Release */ = {
			isa = XCBuildConfiguration;
			buildSettings = {
				ASSETCATALOG_COMPILER_APPICON_NAME = AppIcon;
				CODE_SIGN_STYLE = Automatic;
				CURRENT_PROJECT_VERSION = 0;
				DEVELOPMENT_TEAM = 726NDCHRGU;
				INFOPLIST_FILE = GaoAlertManagerDemo/Info.plist;
				LD_RUNPATH_SEARCH_PATHS = (
					"$(inherited)",
					"@executable_path/Frameworks",
				);
				MARKETING_VERSION = 0.0.0;
				PRODUCT_BUNDLE_IDENTIFIER = vgemv.GaoAlertManagerDemo;
				PRODUCT_NAME = "$(TARGET_NAME)";
				TARGETED_DEVICE_FAMILY = "1,2";
			};
			name = Release;
		};
/* End XCBuildConfiguration section */

/* Begin XCConfigurationList section */
		DCC6E82A2500E54D00F9121B /* Build configuration list for PBXProject "GaoAlertManagerDemo" */ = {
			isa = XCConfigurationList;
			buildConfigurations = (
				DCC6E8462500E54E00F9121B /* Debug */,
				DCC6E8472500E54E00F9121B /* Release */,
			);
			defaultConfigurationIsVisible = 0;
			defaultConfigurationName = Release;
		};
		DCC6E8482500E54E00F9121B /* Build configuration list for PBXNativeTarget "GaoAlertManagerDemo" */ = {
			isa = XCConfigurationList;
			buildConfigurations = (
				DCC6E8492500E54E00F9121B /* Debug */,
				DCC6E84A2500E54E00F9121B /* Release */,
			);
			defaultConfigurationIsVisible = 0;
			defaultConfigurationName = Release;
		};
/* End XCConfigurationList section */
	};
	rootObject = DCC6E8272500E54D00F9121B /* Project object */;
}
